
Microsoft Visual Studio Solution File, Format Version 12.00
# Visual Studio 15
VisualStudioVersion = 15.0.26430.16
MinimumVisualStudioVersion = 10.0.40219.1
Project("{FAE04EC0-301F-11D3-BF4B-00C04F79EFBC}") = "XamarinExNoDIF.Android", "XamarinExNoDIF\XamarinExNoDIF.Android\XamarinExNoDIF.Android.csproj", "{F1896C12-ADFC-40F5-9FD9-9A90F3B781D0}"
EndProject
Project("{FAE04EC0-301F-11D3-BF4B-00C04F79EFBC}") = "XamarinExNoDIF", "XamarinExNoDIF\XamarinExNoDIF\XamarinExNoDIF.csproj", "{3621CE04-8852-469D-9E37-838E3B33296B}"
EndProject
Project("{FAE04EC0-301F-11D3-BF4B-00C04F79EFBC}") = "XamarinExNoDIF.UWP", "XamarinExNoDIF\XamarinExNoDIF.UWP\XamarinExNoDIF.UWP.csproj", "{F6A9EB5E-8248-4758-9ED3-5F28582DB70A}"
EndProject
Project("{FAE04EC0-301F-11D3-BF4B-00C04F79EFBC}") = "XamarinExNoDIF.iOS", "XamarinExNoDIF\XamarinExNoDIF.iOS\XamarinExNoDIF.iOS.csproj", "{26CC76F6-95CF-4EFE-9C0E-88C3AE47D49B}"
EndProject
Global
	GlobalSection(SolutionConfigurationPlatforms) = preSolution
		Ad-Hoc|Any CPU = Ad-Hoc|Any CPU
		Ad-Hoc|ARM = Ad-Hoc|ARM
		Ad-Hoc|iPhone = Ad-Hoc|iPhone
		Ad-Hoc|iPhoneSimulator = Ad-Hoc|iPhoneSimulator
		Ad-Hoc|x64 = Ad-Hoc|x64
		Ad-Hoc|x86 = Ad-Hoc|x86
		AppStore|Any CPU = AppStore|Any CPU
		AppStore|ARM = AppStore|ARM
		AppStore|iPhone = AppStore|iPhone
		AppStore|iPhoneSimulator = AppStore|iPhoneSimulator
		AppStore|x64 = AppStore|x64
		AppStore|x86 = AppStore|x86
		Debug|Any CPU = Debug|Any CPU
		Debug|ARM = Debug|ARM
		Debug|iPhone = Debug|iPhone
		Debug|iPhoneSimulator = Debug|iPhoneSimulator
		Debug|x64 = Debug|x64
		Debug|x86 = Debug|x86
		Release|Any CPU = Release|Any CPU
		Release|ARM = Release|ARM
		Release|iPhone = Release|iPhone
		Release|iPhoneSimulator = Release|iPhoneSimulator
		Release|x64 = Release|x64
		Release|x86 = Release|x86
	EndGlobalSection
	GlobalSection(ProjectConfigurationPlatforms) = postSolution
		{F1896C12-ADFC-40F5-9FD9-9A90F3B781D0}.Ad-Hoc|Any CPU.ActiveCfg = Release|Any CPU
		{F1896C12-ADFC-40F5-9FD9-9A90F3B781D0}.Ad-Hoc|Any CPU.Build.0 = Release|Any CPU
		{F1896C12-ADFC-40F5-9FD9-9A90F3B781D0}.Ad-Hoc|Any CPU.Deploy.0 = Release|Any CPU
		{F1896C12-ADFC-40F5-9FD9-9A90F3B781D0}.Ad-Hoc|ARM.ActiveCfg = Release|Any CPU
		{F1896C12-ADFC-40F5-9FD9-9A90F3B781D0}.Ad-Hoc|ARM.Build.0 = Release|Any CPU
		{F1896C12-ADFC-40F5-9FD9-9A90F3B781D0}.Ad-Hoc|ARM.Deploy.0 = Release|Any CPU
		{F1896C12-ADFC-40F5-9FD9-9A90F3B781D0}.Ad-Hoc|iPhone.ActiveCfg = Release|Any CPU
		{F1896C12-ADFC-40F5-9FD9-9A90F3B781D0}.Ad-Hoc|iPhone.Build.0 = Release|Any CPU
		{F1896C12-ADFC-40F5-9FD9-9A90F3B781D0}.Ad-Hoc|iPhone.Deploy.0 = Release|Any CPU
		{F1896C12-ADFC-40F5-9FD9-9A90F3B781D0}.Ad-Hoc|iPhoneSimulator.ActiveCfg = Release|Any CPU
		{F1896C12-ADFC-40F5-9FD9-9A90F3B781D0}.Ad-Hoc|iPhoneSimulator.Build.0 = Release|Any CPU
		{F1896C12-ADFC-40F5-9FD9-9A90F3B781D0}.Ad-Hoc|iPhoneSimulator.Deploy.0 = Release|Any CPU
		{F1896C12-ADFC-40F5-9FD9-9A90F3B781D0}.Ad-Hoc|x64.ActiveCfg = Release|Any CPU
		{F1896C12-ADFC-40F5-9FD9-9A90F3B781D0}.Ad-Hoc|x64.Build.0 = Release|Any CPU
		{F1896C12-ADFC-40F5-9FD9-9A90F3B781D0}.Ad-Hoc|x64.Deploy.0 = Release|Any CPU
		{F1896C12-ADFC-40F5-9FD9-9A90F3B781D0}.Ad-Hoc|x86.ActiveCfg = Release|Any CPU
		{F1896C12-ADFC-40F5-9FD9-9A90F3B781D0}.Ad-Hoc|x86.Build.0 = Release|Any CPU
		{F1896C12-ADFC-40F5-9FD9-9A90F3B781D0}.Ad-Hoc|x86.Deploy.0 = Release|Any CPU
		{F1896C12-ADFC-40F5-9FD9-9A90F3B781D0}.AppStore|Any CPU.ActiveCfg = Release|Any CPU
		{F1896C12-ADFC-40F5-9FD9-9A90F3B781D0}.AppStore|Any CPU.Build.0 = Release|Any CPU
		{F1896C12-ADFC-40F5-9FD9-9A90F3B781D0}.AppStore|Any CPU.Deploy.0 = Release|Any CPU
		{F1896C12-ADFC-40F5-9FD9-9A90F3B781D0}.AppStore|ARM.ActiveCfg = Release|Any CPU
		{F1896C12-ADFC-40F5-9FD9-9A90F3B781D0}.AppStore|ARM.Build.0 = Release|Any CPU
		{F1896C12-ADFC-40F5-9FD9-9A90F3B781D0}.AppStore|ARM.Deploy.0 = Release|Any CPU
		{F1896C12-ADFC-40F5-9FD9-9A90F3B781D0}.AppStore|iPhone.ActiveCfg = Release|Any CPU
		{F1896C12-ADFC-40F5-9FD9-9A90F3B781D0}.AppStore|iPhone.Build.0 = Release|Any CPU
		{F1896C12-ADFC-40F5-9FD9-9A90F3B781D0}.AppStore|iPhone.Deploy.0 = Release|Any CPU
		{F1896C12-ADFC-40F5-9FD9-9A90F3B781D0}.AppStore|iPhoneSimulator.ActiveCfg = Release|Any CPU
		{F1896C12-ADFC-40F5-9FD9-9A90F3B781D0}.AppStore|iPhoneSimulator.Build.0 = Release|Any CPU
		{F1896C12-ADFC-40F5-9FD9-9A90F3B781D0}.AppStore|iPhoneSimulator.Deploy.0 = Release|Any CPU
		{F1896C12-ADFC-40F5-9FD9-9A90F3B781D0}.AppStore|x64.ActiveCfg = Release|Any CPU
		{F1896C12-ADFC-40F5-9FD9-9A90F3B781D0}.AppStore|x64.Build.0 = Release|Any CPU
		{F1896C12-ADFC-40F5-9FD9-9A90F3B781D0}.AppStore|x64.Deploy.0 = Release|Any CPU
		{F1896C12-ADFC-40F5-9FD9-9A90F3B781D0}.AppStore|x86.ActiveCfg = Release|Any CPU
		{F1896C12-ADFC-40F5-9FD9-9A90F3B781D0}.AppStore|x86.Build.0 = Release|Any CPU
		{F1896C12-ADFC-40F5-9FD9-9A90F3B781D0}.AppStore|x86.Deploy.0 = Release|Any CPU
		{F1896C12-ADFC-40F5-9FD9-9A90F3B781D0}.Debug|Any CPU.ActiveCfg = Debug|Any CPU
		{F1896C12-ADFC-40F5-9FD9-9A90F3B781D0}.Debug|Any CPU.Build.0 = Debug|Any CPU
		{F1896C12-ADFC-40F5-9FD9-9A90F3B781D0}.Debug|Any CPU.Deploy.0 = Debug|Any CPU
		{F1896C12-ADFC-40F5-9FD9-9A90F3B781D0}.Debug|ARM.ActiveCfg = Debug|Any CPU
		{F1896C12-ADFC-40F5-9FD9-9A90F3B781D0}.Debug|ARM.Build.0 = Debug|Any CPU
		{F1896C12-ADFC-40F5-9FD9-9A90F3B781D0}.Debug|ARM.Deploy.0 = Debug|Any CPU
		{F1896C12-ADFC-40F5-9FD9-9A90F3B781D0}.Debug|iPhone.ActiveCfg = Debug|Any CPU
		{F1896C12-ADFC-40F5-9FD9-9A90F3B781D0}.Debug|iPhone.Build.0 = Debug|Any CPU
		{F1896C12-ADFC-40F5-9FD9-9A90F3B781D0}.Debug|iPhone.Deploy.0 = Debug|Any CPU
		{F1896C12-ADFC-40F5-9FD9-9A90F3B781D0}.Debug|iPhoneSimulator.ActiveCfg = Debug|Any CPU
		{F1896C12-ADFC-40F5-9FD9-9A90F3B781D0}.Debug|iPhoneSimulator.Build.0 = Debug|Any CPU
		{F1896C12-ADFC-40F5-9FD9-9A90F3B781D0}.Debug|iPhoneSimulator.Deploy.0 = Debug|Any CPU
		{F1896C12-ADFC-40F5-9FD9-9A90F3B781D0}.Debug|x64.ActiveCfg = Debug|Any CPU
		{F1896C12-ADFC-40F5-9FD9-9A90F3B781D0}.Debug|x64.Build.0 = Debug|Any CPU
		{F1896C12-ADFC-40F5-9FD9-9A90F3B781D0}.Debug|x64.Deploy.0 = Debug|Any CPU
		{F1896C12-ADFC-40F5-9FD9-9A90F3B781D0}.Debug|x86.ActiveCfg = Debug|Any CPU
		{F1896C12-ADFC-40F5-9FD9-9A90F3B781D0}.Debug|x86.Build.0 = Debug|Any CPU
		{F1896C12-ADFC-40F5-9FD9-9A90F3B781D0}.Debug|x86.Deploy.0 = Debug|Any CPU
		{F1896C12-ADFC-40F5-9FD9-9A90F3B781D0}.Release|Any CPU.ActiveCfg = Release|Any CPU
		{F1896C12-ADFC-40F5-9FD9-9A90F3B781D0}.Release|Any CPU.Build.0 = Release|Any CPU
		{F1896C12-ADFC-40F5-9FD9-9A90F3B781D0}.Release|Any CPU.Deploy.0 = Release|Any CPU
		{F1896C12-ADFC-40F5-9FD9-9A90F3B781D0}.Release|ARM.ActiveCfg = Release|Any CPU
		{F1896C12-ADFC-40F5-9FD9-9A90F3B781D0}.Release|ARM.Build.0 = Release|Any CPU
		{F1896C12-ADFC-40F5-9FD9-9A90F3B781D0}.Release|ARM.Deploy.0 = Release|Any CPU
		{F1896C12-ADFC-40F5-9FD9-9A90F3B781D0}.Release|iPhone.ActiveCfg = Release|Any CPU
		{F1896C12-ADFC-40F5-9FD9-9A90F3B781D0}.Release|iPhone.Build.0 = Release|Any CPU
		{F1896C12-ADFC-40F5-9FD9-9A90F3B781D0}.Release|iPhone.Deploy.0 = Release|Any CPU
		{F1896C12-ADFC-40F5-9FD9-9A90F3B781D0}.Release|iPhoneSimulator.ActiveCfg = Release|Any CPU
		{F1896C12-ADFC-40F5-9FD9-9A90F3B781D0}.Release|iPhoneSimulator.Build.0 = Release|Any CPU
		{F1896C12-ADFC-40F5-9FD9-9A90F3B781D0}.Release|iPhoneSimulator.Deploy.0 = Release|Any CPU
		{F1896C12-ADFC-40F5-9FD9-9A90F3B781D0}.Release|x64.ActiveCfg = Release|Any CPU
		{F1896C12-ADFC-40F5-9FD9-9A90F3B781D0}.Release|x64.Build.0 = Release|Any CPU
		{F1896C12-ADFC-40F5-9FD9-9A90F3B781D0}.Release|x64.Deploy.0 = Release|Any CPU
		{F1896C12-ADFC-40F5-9FD9-9A90F3B781D0}.Release|x86.ActiveCfg = Release|Any CPU
		{F1896C12-ADFC-40F5-9FD9-9A90F3B781D0}.Release|x86.Build.0 = Release|Any CPU
		{F1896C12-ADFC-40F5-9FD9-9A90F3B781D0}.Release|x86.Deploy.0 = Release|Any CPU
		{3621CE04-8852-469D-9E37-838E3B33296B}.Ad-Hoc|Any CPU.ActiveCfg = Release|Any CPU
		{3621CE04-8852-469D-9E37-838E3B33296B}.Ad-Hoc|Any CPU.Build.0 = Release|Any CPU
		{3621CE04-8852-469D-9E37-838E3B33296B}.Ad-Hoc|ARM.ActiveCfg = Release|Any CPU
		{3621CE04-8852-469D-9E37-838E3B33296B}.Ad-Hoc|ARM.Build.0 = Release|Any CPU
		{3621CE04-8852-469D-9E37-838E3B33296B}.Ad-Hoc|iPhone.ActiveCfg = Release|Any CPU
		{3621CE04-8852-469D-9E37-838E3B33296B}.Ad-Hoc|iPhone.Build.0 = Release|Any CPU
		{3621CE04-8852-469D-9E37-838E3B33296B}.Ad-Hoc|iPhoneSimulator.ActiveCfg = Release|Any CPU
		{3621CE04-8852-469D-9E37-838E3B33296B}.Ad-Hoc|iPhoneSimulator.Build.0 = Release|Any CPU
		{3621CE04-8852-469D-9E37-838E3B33296B}.Ad-Hoc|x64.ActiveCfg = Release|Any CPU
		{3621CE04-8852-469D-9E37-838E3B33296B}.Ad-Hoc|x64.Build.0 = Release|Any CPU
		{3621CE04-8852-469D-9E37-838E3B33296B}.Ad-Hoc|x86.ActiveCfg = Release|Any CPU
		{3621CE04-8852-469D-9E37-838E3B33296B}.Ad-Hoc|x86.Build.0 = Release|Any CPU
		{3621CE04-8852-469D-9E37-838E3B33296B}.AppStore|Any CPU.ActiveCfg = Release|Any CPU
		{3621CE04-8852-469D-9E37-838E3B33296B}.AppStore|Any CPU.Build.0 = Release|Any CPU
		{3621CE04-8852-469D-9E37-838E3B33296B}.AppStore|ARM.ActiveCfg = Release|Any CPU
		{3621CE04-8852-469D-9E37-838E3B33296B}.AppStore|ARM.Build.0 = Release|Any CPU
		{3621CE04-8852-469D-9E37-838E3B33296B}.AppStore|iPhone.ActiveCfg = Release|Any CPU
		{3621CE04-8852-469D-9E37-838E3B33296B}.AppStore|iPhone.Build.0 = Release|Any CPU
		{3621CE04-8852-469D-9E37-838E3B33296B}.AppStore|iPhoneSimulator.ActiveCfg = Release|Any CPU
		{3621CE04-8852-469D-9E37-838E3B33296B}.AppStore|iPhoneSimulator.Build.0 = Release|Any CPU
		{3621CE04-8852-469D-9E37-838E3B33296B}.AppStore|x64.ActiveCfg = Release|Any CPU
		{3621CE04-8852-469D-9E37-838E3B33296B}.AppStore|x64.Build.0 = Release|Any CPU
		{3621CE04-8852-469D-9E37-838E3B33296B}.AppStore|x86.ActiveCfg = Release|Any CPU
		{3621CE04-8852-469D-9E37-838E3B33296B}.AppStore|x86.Build.0 = Release|Any CPU
		{3621CE04-8852-469D-9E37-838E3B33296B}.Debug|Any CPU.ActiveCfg = Debug|Any CPU
		{3621CE04-8852-469D-9E37-838E3B33296B}.Debug|Any CPU.Build.0 = Debug|Any CPU
		{3621CE04-8852-469D-9E37-838E3B33296B}.Debug|ARM.ActiveCfg = Debug|Any CPU
		{3621CE04-8852-469D-9E37-838E3B33296B}.Debug|ARM.Build.0 = Debug|Any CPU
		{3621CE04-8852-469D-9E37-838E3B33296B}.Debug|iPhone.ActiveCfg = Debug|Any CPU
		{3621CE04-8852-469D-9E37-838E3B33296B}.Debug|iPhone.Build.0 = Debug|Any CPU
		{3621CE04-8852-469D-9E37-838E3B33296B}.Debug|iPhoneSimulator.ActiveCfg = Debug|Any CPU
		{3621CE04-8852-469D-9E37-838E3B33296B}.Debug|iPhoneSimulator.Build.0 = Debug|Any CPU
		{3621CE04-8852-469D-9E37-838E3B33296B}.Debug|x64.ActiveCfg = Debug|Any CPU
		{3621CE04-8852-469D-9E37-838E3B33296B}.Debug|x64.Build.0 = Debug|Any CPU
		{3621CE04-8852-469D-9E37-838E3B33296B}.Debug|x86.ActiveCfg = Debug|Any CPU
		{3621CE04-8852-469D-9E37-838E3B33296B}.Debug|x86.Build.0 = Debug|Any CPU
		{3621CE04-8852-469D-9E37-838E3B33296B}.Release|Any CPU.ActiveCfg = Release|Any CPU
		{3621CE04-8852-469D-9E37-838E3B33296B}.Release|Any CPU.Build.0 = Release|Any CPU
		{3621CE04-8852-469D-9E37-838E3B33296B}.Release|ARM.ActiveCfg = Release|Any CPU
		{3621CE04-8852-469D-9E37-838E3B33296B}.Release|ARM.Build.0 = Release|Any CPU
		{3621CE04-8852-469D-9E37-838E3B33296B}.Release|iPhone.ActiveCfg = Release|Any CPU
		{3621CE04-8852-469D-9E37-838E3B33296B}.Release|iPhone.Build.0 = Release|Any CPU
		{3621CE04-8852-469D-9E37-838E3B33296B}.Release|iPhoneSimulator.ActiveCfg = Release|Any CPU
		{3621CE04-8852-469D-9E37-838E3B33296B}.Release|iPhoneSimulator.Build.0 = Release|Any CPU
		{3621CE04-8852-469D-9E37-838E3B33296B}.Release|x64.ActiveCfg = Release|Any CPU
		{3621CE04-8852-469D-9E37-838E3B33296B}.Release|x64.Build.0 = Release|Any CPU
		{3621CE04-8852-469D-9E37-838E3B33296B}.Release|x86.ActiveCfg = Release|Any CPU
		{3621CE04-8852-469D-9E37-838E3B33296B}.Release|x86.Build.0 = Release|Any CPU
		{F6A9EB5E-8248-4758-9ED3-5F28582DB70A}.Ad-Hoc|Any CPU.ActiveCfg = Release|x86
		{F6A9EB5E-8248-4758-9ED3-5F28582DB70A}.Ad-Hoc|Any CPU.Build.0 = Release|x86
		{F6A9EB5E-8248-4758-9ED3-5F28582DB70A}.Ad-Hoc|Any CPU.Deploy.0 = Release|x86
		{F6A9EB5E-8248-4758-9ED3-5F28582DB70A}.Ad-Hoc|ARM.ActiveCfg = Release|ARM
		{F6A9EB5E-8248-4758-9ED3-5F28582DB70A}.Ad-Hoc|ARM.Build.0 = Release|ARM
		{F6A9EB5E-8248-4758-9ED3-5F28582DB70A}.Ad-Hoc|ARM.Deploy.0 = Release|ARM
		{F6A9EB5E-8248-4758-9ED3-5F28582DB70A}.Ad-Hoc|iPhone.ActiveCfg = Release|x86
		{F6A9EB5E-8248-4758-9ED3-5F28582DB70A}.Ad-Hoc|iPhone.Build.0 = Release|x86
		{F6A9EB5E-8248-4758-9ED3-5F28582DB70A}.Ad-Hoc|iPhone.Deploy.0 = Release|x86
		{F6A9EB5E-8248-4758-9ED3-5F28582DB70A}.Ad-Hoc|iPhoneSimulator.ActiveCfg = Release|x86
		{F6A9EB5E-8248-4758-9ED3-5F28582DB70A}.Ad-Hoc|iPhoneSimulator.Build.0 = Release|x86
		{F6A9EB5E-8248-4758-9ED3-5F28582DB70A}.Ad-Hoc|iPhoneSimulator.Deploy.0 = Release|x86
		{F6A9EB5E-8248-4758-9ED3-5F28582DB70A}.Ad-Hoc|x64.ActiveCfg = Release|x64
		{F6A9EB5E-8248-4758-9ED3-5F28582DB70A}.Ad-Hoc|x64.Build.0 = Release|x64
		{F6A9EB5E-8248-4758-9ED3-5F28582DB70A}.Ad-Hoc|x64.Deploy.0 = Release|x64
		{F6A9EB5E-8248-4758-9ED3-5F28582DB70A}.Ad-Hoc|x86.ActiveCfg = Release|x86
		{F6A9EB5E-8248-4758-9ED3-5F28582DB70A}.Ad-Hoc|x86.Build.0 = Release|x86
		{F6A9EB5E-8248-4758-9ED3-5F28582DB70A}.Ad-Hoc|x86.Deploy.0 = Release|x86
		{F6A9EB5E-8248-4758-9ED3-5F28582DB70A}.AppStore|Any CPU.ActiveCfg = Release|x86
		{F6A9EB5E-8248-4758-9ED3-5F28582DB70A}.AppStore|Any CPU.Build.0 = Release|x86
		{F6A9EB5E-8248-4758-9ED3-5F28582DB70A}.AppStore|Any CPU.Deploy.0 = Release|x86
		{F6A9EB5E-8248-4758-9ED3-5F28582DB70A}.AppStore|ARM.ActiveCfg = Release|ARM
		{F6A9EB5E-8248-4758-9ED3-5F28582DB70A}.AppStore|ARM.Build.0 = Release|ARM
		{F6A9EB5E-8248-4758-9ED3-5F28582DB70A}.AppStore|ARM.Deploy.0 = Release|ARM
		{F6A9EB5E-8248-4758-9ED3-5F28582DB70A}.AppStore|iPhone.ActiveCfg = Release|x86
		{F6A9EB5E-8248-4758-9ED3-5F28582DB70A}.AppStore|iPhone.Build.0 = Release|x86
		{F6A9EB5E-8248-4758-9ED3-5F28582DB70A}.AppStore|iPhone.Deploy.0 = Release|x86
		{F6A9EB5E-8248-4758-9ED3-5F28582DB70A}.AppStore|iPhoneSimulator.ActiveCfg = Release|x86
		{F6A9EB5E-8248-4758-9ED3-5F28582DB70A}.AppStore|iPhoneSimulator.Build.0 = Release|x86
		{F6A9EB5E-8248-4758-9ED3-5F28582DB70A}.AppStore|iPhoneSimulator.Deploy.0 = Release|x86
		{F6A9EB5E-8248-4758-9ED3-5F28582DB70A}.AppStore|x64.ActiveCfg = Release|x64
		{F6A9EB5E-8248-4758-9ED3-5F28582DB70A}.AppStore|x64.Build.0 = Release|x64
		{F6A9EB5E-8248-4758-9ED3-5F28582DB70A}.AppStore|x64.Deploy.0 = Release|x64
		{F6A9EB5E-8248-4758-9ED3-5F28582DB70A}.AppStore|x86.ActiveCfg = Release|x86
		{F6A9EB5E-8248-4758-9ED3-5F28582DB70A}.AppStore|x86.Build.0 = Release|x86
		{F6A9EB5E-8248-4758-9ED3-5F28582DB70A}.AppStore|x86.Deploy.0 = Release|x86
		{F6A9EB5E-8248-4758-9ED3-5F28582DB70A}.Debug|Any CPU.ActiveCfg = Debug|x86
		{F6A9EB5E-8248-4758-9ED3-5F28582DB70A}.Debug|ARM.ActiveCfg = Debug|ARM
		{F6A9EB5E-8248-4758-9ED3-5F28582DB70A}.Debug|ARM.Build.0 = Debug|ARM
		{F6A9EB5E-8248-4758-9ED3-5F28582DB70A}.Debug|ARM.Deploy.0 = Debug|ARM
		{F6A9EB5E-8248-4758-9ED3-5F28582DB70A}.Debug|iPhone.ActiveCfg = Debug|x86
		{F6A9EB5E-8248-4758-9ED3-5F28582DB70A}.Debug|iPhoneSimulator.ActiveCfg = Debug|x86
		{F6A9EB5E-8248-4758-9ED3-5F28582DB70A}.Debug|x64.ActiveCfg = Debug|x64
		{F6A9EB5E-8248-4758-9ED3-5F28582DB70A}.Debug|x64.Build.0 = Debug|x64
		{F6A9EB5E-8248-4758-9ED3-5F28582DB70A}.Debug|x64.Deploy.0 = Debug|x64
		{F6A9EB5E-8248-4758-9ED3-5F28582DB70A}.Debug|x86.ActiveCfg = Debug|x86
		{F6A9EB5E-8248-4758-9ED3-5F28582DB70A}.Debug|x86.Build.0 = Debug|x86
		{F6A9EB5E-8248-4758-9ED3-5F28582DB70A}.Debug|x86.Deploy.0 = Debug|x86
		{F6A9EB5E-8248-4758-9ED3-5F28582DB70A}.Release|Any CPU.ActiveCfg = Release|x86
		{F6A9EB5E-8248-4758-9ED3-5F28582DB70A}.Release|ARM.ActiveCfg = Release|ARM
		{F6A9EB5E-8248-4758-9ED3-5F28582DB70A}.Release|ARM.Build.0 = Release|ARM
		{F6A9EB5E-8248-4758-9ED3-5F28582DB70A}.Release|ARM.Deploy.0 = Release|ARM
		{F6A9EB5E-8248-4758-9ED3-5F28582DB70A}.Release|iPhone.ActiveCfg = Release|x86
		{F6A9EB5E-8248-4758-9ED3-5F28582DB70A}.Release|iPhoneSimulator.ActiveCfg = Release|x86
		{F6A9EB5E-8248-4758-9ED3-5F28582DB70A}.Release|x64.ActiveCfg = Release|x64
		{F6A9EB5E-8248-4758-9ED3-5F28582DB70A}.Release|x64.Build.0 = Release|x64
		{F6A9EB5E-8248-4758-9ED3-5F28582DB70A}.Release|x64.Deploy.0 = Release|x64
		{F6A9EB5E-8248-4758-9ED3-5F28582DB70A}.Release|x86.ActiveCfg = Release|x86
		{F6A9EB5E-8248-4758-9ED3-5F28582DB70A}.Release|x86.Build.0 = Release|x86
		{F6A9EB5E-8248-4758-9ED3-5F28582DB70A}.Release|x86.Deploy.0 = Release|x86
		{26CC76F6-95CF-4EFE-9C0E-88C3AE47D49B}.Ad-Hoc|Any CPU.ActiveCfg = Ad-Hoc|iPhone
		{26CC76F6-95CF-4EFE-9C0E-88C3AE47D49B}.Ad-Hoc|ARM.ActiveCfg = Ad-Hoc|iPhone
		{26CC76F6-95CF-4EFE-9C0E-88C3AE47D49B}.Ad-Hoc|iPhone.ActiveCfg = Ad-Hoc|iPhone
		{26CC76F6-95CF-4EFE-9C0E-88C3AE47D49B}.Ad-Hoc|iPhone.Build.0 = Ad-Hoc|iPhone
		{26CC76F6-95CF-4EFE-9C0E-88C3AE47D49B}.Ad-Hoc|iPhoneSimulator.ActiveCfg = Ad-Hoc|iPhoneSimulator
		{26CC76F6-95CF-4EFE-9C0E-88C3AE47D49B}.Ad-Hoc|iPhoneSimulator.Build.0 = Ad-Hoc|iPhoneSimulator
		{26CC76F6-95CF-4EFE-9C0E-88C3AE47D49B}.Ad-Hoc|x64.ActiveCfg = Ad-Hoc|iPhone
		{26CC76F6-95CF-4EFE-9C0E-88C3AE47D49B}.Ad-Hoc|x86.ActiveCfg = Ad-Hoc|iPhone
		{26CC76F6-95CF-4EFE-9C0E-88C3AE47D49B}.AppStore|Any CPU.ActiveCfg = AppStore|iPhone
		{26CC76F6-95CF-4EFE-9C0E-88C3AE47D49B}.AppStore|ARM.ActiveCfg = AppStore|iPhone
		{26CC76F6-95CF-4EFE-9C0E-88C3AE47D49B}.AppStore|iPhone.ActiveCfg = AppStore|iPhone
		{26CC76F6-95CF-4EFE-9C0E-88C3AE47D49B}.AppStore|iPhone.Build.0 = AppStore|iPhone
		{26CC76F6-95CF-4EFE-9C0E-88C3AE47D49B}.AppStore|iPhoneSimulator.ActiveCfg = AppStore|iPhoneSimulator
		{26CC76F6-95CF-4EFE-9C0E-88C3AE47D49B}.AppStore|iPhoneSimulator.Build.0 = AppStore|iPhoneSimulator
		{26CC76F6-95CF-4EFE-9C0E-88C3AE47D49B}.AppStore|x64.ActiveCfg = AppStore|iPhone
		{26CC76F6-95CF-4EFE-9C0E-88C3AE47D49B}.AppStore|x86.ActiveCfg = AppStore|iPhone
		{26CC76F6-95CF-4EFE-9C0E-88C3AE47D49B}.Debug|Any CPU.ActiveCfg = Debug|iPhone
		{26CC76F6-95CF-4EFE-9C0E-88C3AE47D49B}.Debug|ARM.ActiveCfg = Debug|iPhone
		{26CC76F6-95CF-4EFE-9C0E-88C3AE47D49B}.Debug|iPhone.ActiveCfg = Debug|iPhone
		{26CC76F6-95CF-4EFE-9C0E-88C3AE47D49B}.Debug|iPhone.Build.0 = Debug|iPhone
		{26CC76F6-95CF-4EFE-9C0E-88C3AE47D49B}.Debug|iPhoneSimulator.ActiveCfg = Debug|iPhoneSimulator
		{26CC76F6-95CF-4EFE-9C0E-88C3AE47D49B}.Debug|iPhoneSimulator.Build.0 = Debug|iPhoneSimulator
		{26CC76F6-95CF-4EFE-9C0E-88C3AE47D49B}.Debug|x64.ActiveCfg = Debug|iPhone
		{26CC76F6-95CF-4EFE-9C0E-88C3AE47D49B}.Debug|x86.ActiveCfg = Debug|iPhone
		{26CC76F6-95CF-4EFE-9C0E-88C3AE47D49B}.Release|Any CPU.ActiveCfg = Release|iPhone
		{26CC76F6-95CF-4EFE-9C0E-88C3AE47D49B}.Release|ARM.ActiveCfg = Release|iPhone
		{26CC76F6-95CF-4EFE-9C0E-88C3AE47D49B}.Release|iPhone.ActiveCfg = Release|iPhone
		{26CC76F6-95CF-4EFE-9C0E-88C3AE47D49B}.Release|iPhone.Build.0 = Release|iPhone
		{26CC76F6-95CF-4EFE-9C0E-88C3AE47D49B}.Release|iPhoneSimulator.ActiveCfg = Release|iPhoneSimulator
		{26CC76F6-95CF-4EFE-9C0E-88C3AE47D49B}.Release|iPhoneSimulator.Build.0 = Release|iPhoneSimulator
		{26CC76F6-95CF-4EFE-9C0E-88C3AE47D49B}.Release|x64.ActiveCfg = Release|iPhone
		{26CC76F6-95CF-4EFE-9C0E-88C3AE47D49B}.Release|x86.ActiveCfg = Release|iPhone
	EndGlobalSection
	GlobalSection(SolutionProperties) = preSolution
		HideSolutionNode = FALSE
	EndGlobalSection
EndGlobal
